{
  "version": 4,
  "terraform_version": "0.12.25",
  "serial": 160,
  "lineage": "fdf9066c-aaf4-bd9b-d2a1-96396f8a69fa",
  "outputs": {
    "computed_delete_variables": {
      "value": {
        "id": "T5577006791947779410",
        "testvar1": "testval2"
      },
      "type": [
        "map",
        "string"
      ]
    },
    "mutation_output": {
      "value": {
        "compute_mutation_keys": {
          "id": "todo.id"
        },
        "computed_delete_operation_variables": {
          "id": "T5577006791947779410",
          "testvar1": "testval2"
        },
        "computed_update_operation_variables": {
          "id": "T5577006791947779410",
          "text": "Todo has been updated",
          "userId": "500"
        },
        "create_mutation": "mutation createTodo($text: String!, $userId: String!) {\n  createTodo(input:{text: $text, userId: $userId}) {\n    user {\n      id\n    }\n    id\n    text\n    done\n  }\n}",
        "delete_mutation": "mutation deleteTodo($id: String!) {\n  deleteTodo(input: $id) {\n    user {\n      id\n    }\n    text\n    done\n  }\n}",
        "delete_mutation_variables": {
          "testvar1": "testval2"
        },
        "existing_hash": "�",
        "id": "�",
        "mutation_variables": {
          "text": "Todo has been updated",
          "userId": "500"
        },
        "query_response": "{\"data\":{\"todo\":{\"id\":\"T5577006791947779410\",\"text\":\"Todo has been updated\",\"done\":false,\"user\":{\"name\":\"user 500\"}}}}",
        "read_query": "query findTodos{\n  todo {\n    id\n    text\n    done\n    user {\n      name\n    }\n  }\n}",
        "read_query_variables": null,
        "update_mutation": "mutation updateTodo($id: String!, $text: String!, $userId: String!) {\n  updateTodo(id: $id, input:{text: $text, userId: $userId}) {\n    user {\n      id\n    }\n    id\n    text\n    done\n  }\n}"
      },
      "type": [
        "object",
        {
          "compute_mutation_keys": [
            "map",
            "string"
          ],
          "computed_delete_operation_variables": [
            "map",
            "string"
          ],
          "computed_update_operation_variables": [
            "map",
            "string"
          ],
          "create_mutation": "string",
          "delete_mutation": "string",
          "delete_mutation_variables": [
            "map",
            "string"
          ],
          "existing_hash": "string",
          "id": "string",
          "mutation_variables": [
            "map",
            "string"
          ],
          "query_response": "string",
          "read_query": "string",
          "read_query_variables": [
            "map",
            "string"
          ],
          "update_mutation": "string"
        }
      ]
    },
    "query_output": {
      "value": {
        "id": "�",
        "query": "query findTodos{\n  todo {\n    id\n    text\n    done\n    user {\n      name\n    }\n  }\n}",
        "query_response": "{\"data\":{\"todo\":{\"id\":\"T5577006791947779410\",\"text\":\"Todo has been updated\",\"done\":false,\"user\":{\"name\":\"user 500\"}}}}",
        "query_variables": null
      },
      "type": [
        "object",
        {
          "id": "string",
          "query": "string",
          "query_response": "string",
          "query_variables": [
            "map",
            "string"
          ]
        }
      ]
    }
  },
  "resources": [
    {
      "mode": "data",
      "type": "graphql_query",
      "name": "basic_query",
      "provider": "provider.graphql",
      "instances": [
        {
          "schema_version": 0,
          "attributes": {
            "id": "�",
            "query": "query findTodos{\n  todo {\n    id\n    text\n    done\n    user {\n      name\n    }\n  }\n}",
            "query_response": "{\"data\":{\"todo\":{\"id\":\"T5577006791947779410\",\"text\":\"Todo has been updated\",\"done\":false,\"user\":{\"name\":\"user 500\"}}}}",
            "query_variables": null
          }
        }
      ]
    },
    {
      "mode": "managed",
      "type": "graphql_mutation",
      "name": "basic_mutation",
      "provider": "provider.graphql",
      "instances": [
        {
          "schema_version": 0,
          "attributes": {
            "compute_mutation_keys": {
              "id": "todo.id"
            },
            "computed_delete_operation_variables": {
              "id": "T5577006791947779410",
              "testvar1": "testval2"
            },
            "computed_update_operation_variables": {
              "id": "T5577006791947779410",
              "text": "Todo has been updated",
              "userId": "500"
            },
            "create_mutation": "mutation createTodo($text: String!, $userId: String!) {\n  createTodo(input:{text: $text, userId: $userId}) {\n    user {\n      id\n    }\n    id\n    text\n    done\n  }\n}",
            "delete_mutation": "mutation deleteTodo($id: String!) {\n  deleteTodo(input: $id) {\n    user {\n      id\n    }\n    text\n    done\n  }\n}",
            "delete_mutation_variables": {
              "testvar1": "testval2"
            },
            "existing_hash": "�",
            "id": "�",
            "mutation_variables": {
              "text": "Todo has been updated",
              "userId": "500"
            },
            "query_response": "{\"data\":{\"todo\":{\"id\":\"T5577006791947779410\",\"text\":\"Todo has been updated\",\"done\":false,\"user\":{\"name\":\"user 500\"}}}}",
            "read_query": "query findTodos{\n  todo {\n    id\n    text\n    done\n    user {\n      name\n    }\n  }\n}",
            "read_query_variables": null,
            "update_mutation": "mutation updateTodo($id: String!, $text: String!, $userId: String!) {\n  updateTodo(id: $id, input:{text: $text, userId: $userId}) {\n    user {\n      id\n    }\n    id\n    text\n    done\n  }\n}"
          },
          "private": "bnVsbA=="
        }
      ]
    }
  ]
}
