{
  "version": 4,
  "terraform_version": "0.12.25",
  "serial": 106,
  "lineage": "491f0fcd-0c8d-971d-a8c7-f2ef53623923",
  "outputs": {
    "myitem": {
      "value": {
        "id": "�",
        "query_response": "{\"data\":{\"todo\":{\"id\":\"T3916589616287113937\",\"text\":\"Here is something todo\",\"done\":false,\"user\":{\"name\":\"user 98\"}}}}",
        "read_query": "query findTodos{\n  todo {\n    id\n    text\n    done\n    user {\n      name\n    }\n  }\n}",
        "read_query_variables": null
      },
      "type": [
        "object",
        {
          "id": "string",
          "query_response": "string",
          "read_query": "string",
          "read_query_variables": [
            "map",
            "string"
          ]
        }
      ]
    },
    "myoutput": {
      "value": {
        "create_mutation": "mutation createTodo($text: String!, $userId: String!) {\n  createTodo(input:{text: $text, userId: $userId}) {\n    user {\n      id\n    }\n    text\n    done\n  }\n}",
        "create_mutation_variables": {
          "text": "Here is something todo",
          "userId": "98"
        },
        "delete_mutation": "mutation deleteTodo($id: String!) {\n  deleteTodo(input: $id) {\n    user {\n      id\n    }\n    text\n    done\n  }\n}",
        "delete_mutation_variables": {
          "id": "T3916589616287113937"
        },
        "id": "�",
        "query_response": "{\"data\":{\"todo\":{\"id\":\"T3916589616287113937\",\"text\":\"Here is something todo\",\"done\":false,\"user\":{\"name\":\"user 98\"}}}}",
        "query_response_key_map": [
          "todo",
          "id"
        ],
        "read_query": "query findTodos{\n  todo {\n    id\n    text\n    done\n    user {\n      name\n    }\n  }\n}",
        "read_query_variables": null,
        "update_mutation": "mutation updateTodo($text: String!, $userId: String!) {\n  updateTodo(input:{text: $text, userId: $userId}) {\n    user {\n      id\n    }\n    text\n    done\n  }\n}",
        "update_mutation_variables": null
      },
      "type": [
        "object",
        {
          "create_mutation": "string",
          "create_mutation_variables": [
            "map",
            "string"
          ],
          "delete_mutation": "string",
          "delete_mutation_variables": [
            "map",
            "string"
          ],
          "id": "string",
          "query_response": "string",
          "query_response_key_map": [
            "list",
            "string"
          ],
          "read_query": "string",
          "read_query_variables": [
            "map",
            "string"
          ],
          "update_mutation": "string",
          "update_mutation_variables": [
            "map",
            "string"
          ]
        }
      ]
    }
  },
  "resources": [
    {
      "mode": "data",
      "type": "graphql_query",
      "name": "basic_query",
      "provider": "provider.graphql",
      "instances": [
        {
          "schema_version": 0,
          "attributes": {
            "id": "�",
            "query_response": "{\"data\":{\"todo\":{\"id\":\"T3916589616287113937\",\"text\":\"Here is something todo\",\"done\":false,\"user\":{\"name\":\"user 98\"}}}}",
            "read_query": "query findTodos{\n  todo {\n    id\n    text\n    done\n    user {\n      name\n    }\n  }\n}",
            "read_query_variables": null
          }
        }
      ]
    },
    {
      "mode": "managed",
      "type": "graphql_mutation",
      "name": "basic_mutation",
      "provider": "provider.graphql",
      "instances": [
        {
          "schema_version": 0,
          "attributes": {
            "create_mutation": "mutation createTodo($text: String!, $userId: String!) {\n  createTodo(input:{text: $text, userId: $userId}) {\n    user {\n      id\n    }\n    text\n    done\n  }\n}",
            "create_mutation_variables": {
              "text": "Here is something todo",
              "userId": "98"
            },
            "delete_mutation": "mutation deleteTodo($id: String!) {\n  deleteTodo(input: $id) {\n    user {\n      id\n    }\n    text\n    done\n  }\n}",
            "delete_mutation_variables": {
              "id": "T3916589616287113937"
            },
            "id": "�",
            "query_response": "{\"data\":{\"todo\":{\"id\":\"T3916589616287113937\",\"text\":\"Here is something todo\",\"done\":false,\"user\":{\"name\":\"user 98\"}}}}",
            "query_response_key_map": [
              "todo",
              "id"
            ],
            "read_query": "query findTodos{\n  todo {\n    id\n    text\n    done\n    user {\n      name\n    }\n  }\n}",
            "read_query_variables": null,
            "update_mutation": "mutation updateTodo($text: String!, $userId: String!) {\n  updateTodo(input:{text: $text, userId: $userId}) {\n    user {\n      id\n    }\n    text\n    done\n  }\n}",
            "update_mutation_variables": null
          },
          "private": "bnVsbA=="
        }
      ]
    }
  ]
}
