{
  "version": 4,
  "terraform_version": "0.12.25",
  "serial": 3,
  "lineage": "5cb41e5d-ef76-102b-e9b0-61c2d1bdca4f",
  "outputs": {
    "myitem": {
      "value": {
        "id": "�",
        "query_response": "{\"data\":{\"todo\":{\"id\":\"T8674665223082153551\",\"text\":\"Here is something todo\",\"done\":false,\"user\":{\"name\":\"user 24\"}}}}",
        "read_query": "query findTodos{\n  todo {\n    id\n    text\n    done\n    user {\n      name\n    }\n  }\n}",
        "read_query_variables": null
      },
      "type": [
        "object",
        {
          "id": "string",
          "query_response": "string",
          "read_query": "string",
          "read_query_variables": [
            "map",
            "string"
          ]
        }
      ]
    },
    "myoutput": {
      "value": {
        "computed_update_operation_variables": {
          "id": "T8674665223082153551",
          "text": "Here is something todo",
          "userId": "24"
        },
        "create_mutation": "mutation createTodo($text: String!, $userId: String!) {\n  createTodo(input:{text: $text, userId: $userId}) {\n    user {\n      id\n    }\n    id\n    text\n    done\n  }\n}",
        "delete_mutation": "mutation deleteTodo($id: String!) {\n  deleteTodo(input: $id) {\n    user {\n      id\n    }\n    text\n    done\n  }\n}",
        "delete_mutation_variables": {
          "id": "T8674665223082153551"
        },
        "existing_hash": "�",
        "id": "�",
        "mutation_keys": {
          "id": "todo.id"
        },
        "mutation_variables": {
          "text": "Here is something todo",
          "userId": "24"
        },
        "query_response": "{\"data\":{\"todo\":{\"id\":\"T8674665223082153551\",\"text\":\"Here is something todo\",\"done\":false,\"user\":{\"name\":\"user 24\"}}}}",
        "read_query": "query findTodos{\n  todo {\n    id\n    text\n    done\n    user {\n      name\n    }\n  }\n}",
        "read_query_variables": null,
        "update_mutation": "mutation updateTodo($id: String!, $text: String!, $userId: String!) {\n  updateTodo(id: $id, input:{text: $text, userId: $userId}) {\n    user {\n      id\n    }\n    id\n    text\n    done\n  }\n}"
      },
      "type": [
        "object",
        {
          "computed_update_operation_variables": [
            "map",
            "string"
          ],
          "create_mutation": "string",
          "delete_mutation": "string",
          "delete_mutation_variables": [
            "map",
            "string"
          ],
          "existing_hash": "string",
          "id": "string",
          "mutation_keys": [
            "map",
            "string"
          ],
          "mutation_variables": [
            "map",
            "string"
          ],
          "query_response": "string",
          "read_query": "string",
          "read_query_variables": [
            "map",
            "string"
          ],
          "update_mutation": "string"
        }
      ]
    }
  },
  "resources": [
    {
      "mode": "data",
      "type": "graphql_query",
      "name": "basic_query",
      "provider": "provider.graphql",
      "instances": [
        {
          "schema_version": 0,
          "attributes": {
            "id": "�",
            "query_response": "{\"data\":{\"todo\":{\"id\":\"T8674665223082153551\",\"text\":\"Here is something todo\",\"done\":false,\"user\":{\"name\":\"user 24\"}}}}",
            "read_query": "query findTodos{\n  todo {\n    id\n    text\n    done\n    user {\n      name\n    }\n  }\n}",
            "read_query_variables": null
          }
        }
      ]
    },
    {
      "mode": "managed",
      "type": "graphql_mutation",
      "name": "basic_mutation",
      "provider": "provider.graphql",
      "instances": [
        {
          "schema_version": 0,
          "attributes": {
            "computed_update_operation_variables": {
              "id": "T8674665223082153551",
              "text": "Here is something todo",
              "userId": "24"
            },
            "create_mutation": "mutation createTodo($text: String!, $userId: String!) {\n  createTodo(input:{text: $text, userId: $userId}) {\n    user {\n      id\n    }\n    id\n    text\n    done\n  }\n}",
            "delete_mutation": "mutation deleteTodo($id: String!) {\n  deleteTodo(input: $id) {\n    user {\n      id\n    }\n    text\n    done\n  }\n}",
            "delete_mutation_variables": {
              "id": "T8674665223082153551"
            },
            "existing_hash": "�",
            "id": "�",
            "mutation_keys": {
              "id": "todo.id"
            },
            "mutation_variables": {
              "text": "Here is something todo",
              "userId": "24"
            },
            "query_response": "{\"data\":{\"todo\":{\"id\":\"T8674665223082153551\",\"text\":\"Here is something todo\",\"done\":false,\"user\":{\"name\":\"user 24\"}}}}",
            "read_query": "query findTodos{\n  todo {\n    id\n    text\n    done\n    user {\n      name\n    }\n  }\n}",
            "read_query_variables": null,
            "update_mutation": "mutation updateTodo($id: String!, $text: String!, $userId: String!) {\n  updateTodo(id: $id, input:{text: $text, userId: $userId}) {\n    user {\n      id\n    }\n    id\n    text\n    done\n  }\n}"
          },
          "private": "bnVsbA=="
        }
      ]
    }
  ]
}
